
Microsoft Visual Studio Solution File, Format Version 12.00
# Visual Studio Version 16
VisualStudioVersion = 16.0.29001.49
MinimumVisualStudioVersion = 10.0.40219.1
Project("{FAE04EC0-301F-11D3-BF4B-00C04F79EFBC}") = "MarcadorDeJogos", "MarcadorDeJogos\MarcadorDeJogos.csproj", "{F3ED8444-C612-420C-8AB6-C3FAC2838598}"
EndProject
Global
	GlobalSection(SolutionConfigurationPlatforms) = preSolution
		Debug|Any CPU = Debug|Any CPU
		Release|Any CPU = Release|Any CPU
	EndGlobalSection
	GlobalSection(ProjectConfigurationPlatforms) = postSolution
		{F3ED8444-C612-420C-8AB6-C3FAC2838598}.Debug|Any CPU.ActiveCfg = Debug|Any CPU
		{F3ED8444-C612-420C-8AB6-C3FAC2838598}.Debug|Any CPU.Build.0 = Debug|Any CPU
		{F3ED8444-C612-420C-8AB6-C3FAC2838598}.Release|Any CPU.ActiveCfg = Release|Any CPU
		{F3ED8444-C612-420C-8AB6-C3FAC2838598}.Release|Any CPU.Build.0 = Release|Any CPU
	EndGlobalSection
	GlobalSection(SolutionProperties) = preSolution
		HideSolutionNode = FALSE
	EndGlobalSection
	GlobalSection(ExtensibilityGlobals) = postSolution
		SolutionGuid = {673DC726-B476-4AF2-B66B-27EFA2981277}
	EndGlobalSection
EndGlobal
